
Microsoft Visual Studio Solution File, Format Version 12.00
# Visual Studio Version 17
VisualStudioVersion = 17.4.33205.214
MinimumVisualStudioVersion = 10.0.40219.1
Project("{FAE04EC0-301F-11D3-BF4B-00C04F79EFBC}") = "CursoCSharp", "CursoCSharp\CursoCSharp.csproj", "{A3CF5C25-46AD-49D7-92C2-A3FD8D129FD1}"
EndProject
Global
	GlobalSection(SolutionConfigurationPlatforms) = preSolution
		Debug|Any CPU = Debug|Any CPU
		Release|Any CPU = Release|Any CPU
	EndGlobalSection
	GlobalSection(ProjectConfigurationPlatforms) = postSolution
		{A3CF5C25-46AD-49D7-92C2-A3FD8D129FD1}.Debug|Any CPU.ActiveCfg = Debug|Any CPU
		{A3CF5C25-46AD-49D7-92C2-A3FD8D129FD1}.Debug|Any CPU.Build.0 = Debug|Any CPU
		{A3CF5C25-46AD-49D7-92C2-A3FD8D129FD1}.Release|Any CPU.ActiveCfg = Release|Any CPU
		{A3CF5C25-46AD-49D7-92C2-A3FD8D129FD1}.Release|Any CPU.Build.0 = Release|Any CPU
	EndGlobalSection
	GlobalSection(SolutionProperties) = preSolution
		HideSolutionNode = FALSE
	EndGlobalSection
	GlobalSection(ExtensibilityGlobals) = postSolution
		SolutionGuid = {B61F801B-8CB9-48CE-A292-A77078E0C1B4}
	EndGlobalSection
EndGlobal
